
Microsoft Visual Studio Solution File, Format Version 12.00
# Visual Studio Version 16
VisualStudioVersion = 16.0.34301.259
MinimumVisualStudioVersion = 10.0.40219.1
Project("{FAE04EC0-301F-11D3-BF4B-00C04F79EFBC}") = "project_server", "project_server.csproj", "{2F5A9A83-0E18-47D0-8ECE-824DBEDD8629}"
EndProject
Global
	GlobalSection(SolutionConfigurationPlatforms) = preSolution
		Debug|Any CPU = Debug|Any CPU
		Release|Any CPU = Release|Any CPU
	EndGlobalSection
	GlobalSection(ProjectConfigurationPlatforms) = postSolution
		{2F5A9A83-0E18-47D0-8ECE-824DBEDD8629}.Debug|Any CPU.ActiveCfg = Debug|Any CPU
		{2F5A9A83-0E18-47D0-8ECE-824DBEDD8629}.Debug|Any CPU.Build.0 = Debug|Any CPU
		{2F5A9A83-0E18-47D0-8ECE-824DBEDD8629}.Release|Any CPU.ActiveCfg = Release|Any CPU
		{2F5A9A83-0E18-47D0-8ECE-824DBEDD8629}.Release|Any CPU.Build.0 = Release|Any CPU
	EndGlobalSection
	GlobalSection(SolutionProperties) = preSolution
		HideSolutionNode = FALSE
	EndGlobalSection
	GlobalSection(ExtensibilityGlobals) = postSolution
		SolutionGuid = {547D8825-9BF8-4BAD-8CF1-4FF46277DF4A}
	EndGlobalSection
EndGlobal
